{
  "name": "uni_app_login",
  "version": "1.0.0",
  "lockfileVersion": 1,
  "requires": true,
  "dependencies": {
    "@babel/helper-module-imports": {
      "version": "7.0.0-beta.35",
      "resolved": "https://registry.npm.taobao.org/@babel/helper-module-imports/download/@babel/helper-module-imports-7.0.0-beta.35.tgz?cache=0&sync_timestamp=1593522826853&other_urls=https%3A%2F%2Fregistry.npm.taobao.org%2F%40babel%2Fhelper-module-imports%2Fdownload%2F%40babel%2Fhelper-module-imports-7.0.0-beta.35.tgz",
      "integrity": "sha1-MI41DnMXUs200PBY3x1wSSXGTgo=",
      "dev": true,
      "requires": {
        "@babel/types": "7.0.0-beta.35",
        "lodash": "^4.2.0"
      }
    },
    "@babel/types": {
      "version": "7.0.0-beta.35",
      "resolved": "https://registry.npm.taobao.org/@babel/types/download/@babel/types-7.0.0-beta.35.tgz?cache=0&sync_timestamp=1598904272861&other_urls=https%3A%2F%2Fregistry.npm.taobao.org%2F%40babel%2Ftypes%2Fdownload%2F%40babel%2Ftypes-7.0.0-beta.35.tgz",
      "integrity": "sha1-z5M6mpo4SEynJLM1uI2Dcm1auWA=",
      "dev": true,
      "requires": {
        "esutils": "^2.0.2",
        "lodash": "^4.2.0",
        "to-fast-properties": "^2.0.0"
      }
    },
    "babel-plugin-component": {
      "version": "1.1.1",
      "resolved": "https://registry.npm.taobao.org/babel-plugin-component/download/babel-plugin-component-1.1.1.tgz",
      "integrity": "sha1-mwI6I/9cmq4P1WxaGLnKuMTUXuo=",
      "dev": true,
      "requires": {
        "@babel/helper-module-imports": "7.0.0-beta.35"
      }
    },
    "esutils": {
      "version": "2.0.3",
      "resolved": "https://registry.npm.taobao.org/esutils/download/esutils-2.0.3.tgz",
      "integrity": "sha1-dNLrTeC42hKTcRkQ1Qd1ubcQ72Q=",
      "dev": true
    },
    "lodash": {
      "version": "4.17.20",
      "resolved": "https://registry.npm.taobao.org/lodash/download/lodash-4.17.20.tgz?cache=0&sync_timestamp=1597336053864&other_urls=https%3A%2F%2Fregistry.npm.taobao.org%2Flodash%2Fdownload%2Flodash-4.17.20.tgz",
      "integrity": "sha1-tEqbYpe8tpjxxRo1RaKzs2jVnFI=",
      "dev": true
    },
    "to-fast-properties": {
      "version": "2.0.0",
      "resolved": "https://registry.npm.taobao.org/to-fast-properties/download/to-fast-properties-2.0.0.tgz",
      "integrity": "sha1-3F5pjL0HkmW8c+A3doGk5Og/YW4=",
      "dev": true
    },
    "uview-ui": {
      "version": "1.7.3",
      "resolved": "https://registry.npm.taobao.org/uview-ui/download/uview-ui-1.7.3.tgz",
      "integrity": "sha1-JI0piRuUpUMPycBUY1h8RHD6w1I="
    },
    "vue": {
      "version": "2.6.12",
      "resolved": "https://registry.npm.taobao.org/vue/download/vue-2.6.12.tgz?cache=0&sync_timestamp=1600443052956&other_urls=https%3A%2F%2Fregistry.npm.taobao.org%2Fvue%2Fdownload%2Fvue-2.6.12.tgz",
      "integrity": "sha1-9evU+mvShpQD4pqJau1JBEVskSM="
    }
  }
}
